
Microsoft Visual Studio Solution File, Format Version 12.00
# Visual Studio Version 17
VisualStudioVersion = 17.3.32929.385
MinimumVisualStudioVersion = 10.0.40219.1
Project("{9A19103F-16F7-4668-BE54-9A1E7A4F7556}") = "Calo.Blog.Host", "Calo.Blog.Host\Calo.Blog.Host.csproj", "{5C096843-A3A2-40F3-915C-E4BC9A4C0C00}"
EndProject
Project("{9A19103F-16F7-4668-BE54-9A1E7A4F7556}") = "Calo.Blog.Domain", "Calo.Blog.Core\Calo.Blog.Domain.csproj", "{ECC833CB-50D7-437D-9660-25EB69399F3D}"
EndProject
Project("{9A19103F-16F7-4668-BE54-9A1E7A4F7556}") = "Calo.Blog.EntityCore", "Calo.Blog.EntityCore\Calo.Blog.EntityCore.csproj", "{DE51A27E-4D1D-42CC-99E5-6C1687F8470D}"
EndProject
Project("{9A19103F-16F7-4668-BE54-9A1E7A4F7556}") = "Calo.Blog.Extenions", "Calo.Blog.Extenions\Calo.Blog.Extenions.csproj", "{BB21B697-CB97-48FA-9DF9-440ADE36857F}"
EndProject
Project("{9A19103F-16F7-4668-BE54-9A1E7A4F7556}") = "Y.Module", "Y.Module\Y.Module.csproj", "{EC563BF1-D41A-4EBD-9428-7485CE5627D1}"
EndProject
Project("{9A19103F-16F7-4668-BE54-9A1E7A4F7556}") = "Y.SqlsugarRepository", "Y.SqlsugarRepository\Y.SqlsugarRepository.csproj", "{6F6127A2-9190-4D1C-89B3-E06CACBDA2E9}"
EndProject
Project("{FAE04EC0-301F-11D3-BF4B-00C04F79EFBC}") = "Calo.Blog.Application", "Calo.Blog.Application\Calo.Blog.Application.csproj", "{3F749840-F103-4036-904F-CEE9CE5FD936}"
EndProject
Global
	GlobalSection(SolutionConfigurationPlatforms) = preSolution
		Debug|Any CPU = Debug|Any CPU
		Release|Any CPU = Release|Any CPU
	EndGlobalSection
	GlobalSection(ProjectConfigurationPlatforms) = postSolution
		{5C096843-A3A2-40F3-915C-E4BC9A4C0C00}.Debug|Any CPU.ActiveCfg = Debug|Any CPU
		{5C096843-A3A2-40F3-915C-E4BC9A4C0C00}.Debug|Any CPU.Build.0 = Debug|Any CPU
		{5C096843-A3A2-40F3-915C-E4BC9A4C0C00}.Release|Any CPU.ActiveCfg = Release|Any CPU
		{5C096843-A3A2-40F3-915C-E4BC9A4C0C00}.Release|Any CPU.Build.0 = Release|Any CPU
		{ECC833CB-50D7-437D-9660-25EB69399F3D}.Debug|Any CPU.ActiveCfg = Debug|Any CPU
		{ECC833CB-50D7-437D-9660-25EB69399F3D}.Debug|Any CPU.Build.0 = Debug|Any CPU
		{ECC833CB-50D7-437D-9660-25EB69399F3D}.Release|Any CPU.ActiveCfg = Release|Any CPU
		{ECC833CB-50D7-437D-9660-25EB69399F3D}.Release|Any CPU.Build.0 = Release|Any CPU
		{DE51A27E-4D1D-42CC-99E5-6C1687F8470D}.Debug|Any CPU.ActiveCfg = Debug|Any CPU
		{DE51A27E-4D1D-42CC-99E5-6C1687F8470D}.Debug|Any CPU.Build.0 = Debug|Any CPU
		{DE51A27E-4D1D-42CC-99E5-6C1687F8470D}.Release|Any CPU.ActiveCfg = Release|Any CPU
		{DE51A27E-4D1D-42CC-99E5-6C1687F8470D}.Release|Any CPU.Build.0 = Release|Any CPU
		{BB21B697-CB97-48FA-9DF9-440ADE36857F}.Debug|Any CPU.ActiveCfg = Debug|Any CPU
		{BB21B697-CB97-48FA-9DF9-440ADE36857F}.Debug|Any CPU.Build.0 = Debug|Any CPU
		{BB21B697-CB97-48FA-9DF9-440ADE36857F}.Release|Any CPU.ActiveCfg = Release|Any CPU
		{BB21B697-CB97-48FA-9DF9-440ADE36857F}.Release|Any CPU.Build.0 = Release|Any CPU
		{EC563BF1-D41A-4EBD-9428-7485CE5627D1}.Debug|Any CPU.ActiveCfg = Debug|Any CPU
		{EC563BF1-D41A-4EBD-9428-7485CE5627D1}.Debug|Any CPU.Build.0 = Debug|Any CPU
		{EC563BF1-D41A-4EBD-9428-7485CE5627D1}.Release|Any CPU.ActiveCfg = Release|Any CPU
		{EC563BF1-D41A-4EBD-9428-7485CE5627D1}.Release|Any CPU.Build.0 = Release|Any CPU
		{6F6127A2-9190-4D1C-89B3-E06CACBDA2E9}.Debug|Any CPU.ActiveCfg = Debug|Any CPU
		{6F6127A2-9190-4D1C-89B3-E06CACBDA2E9}.Debug|Any CPU.Build.0 = Debug|Any CPU
		{6F6127A2-9190-4D1C-89B3-E06CACBDA2E9}.Release|Any CPU.ActiveCfg = Release|Any CPU
		{6F6127A2-9190-4D1C-89B3-E06CACBDA2E9}.Release|Any CPU.Build.0 = Release|Any CPU
		{3F749840-F103-4036-904F-CEE9CE5FD936}.Debug|Any CPU.ActiveCfg = Debug|Any CPU
		{3F749840-F103-4036-904F-CEE9CE5FD936}.Debug|Any CPU.Build.0 = Debug|Any CPU
		{3F749840-F103-4036-904F-CEE9CE5FD936}.Release|Any CPU.ActiveCfg = Release|Any CPU
		{3F749840-F103-4036-904F-CEE9CE5FD936}.Release|Any CPU.Build.0 = Release|Any CPU
	EndGlobalSection
	GlobalSection(SolutionProperties) = preSolution
		HideSolutionNode = FALSE
	EndGlobalSection
	GlobalSection(ExtensibilityGlobals) = postSolution
		SolutionGuid = {471CC6DF-9478-4BB8-AACA-B205BAEC5D7F}
	EndGlobalSection
EndGlobal
